
Microsoft Visual Studio Solution File, Format Version 12.00
# Visual Studio Version 17
VisualStudioVersion = 17.0.31903.59
MinimumVisualStudioVersion = 10.0.40219.1
Project("{FAE04EC0-301F-11D3-BF4B-00C04F79EFBC}") = "Client", "src\Client\Client.csproj", "{0A64F16F-9976-4778-B53D-9EA121473253}"
EndProject
Project("{FAE04EC0-301F-11D3-BF4B-00C04F79EFBC}") = "Domain", "src\Domain\Domain.csproj", "{FA59B39A-8CBB-47C5-9AD0-43E57D330BE0}"
EndProject
Project("{FAE04EC0-301F-11D3-BF4B-00C04F79EFBC}") = "Fakers", "src\Fakers\Fakers.csproj", "{3B7FC479-0350-4A13-A2E6-38C88FE8E62A}"
EndProject
Project("{FAE04EC0-301F-11D3-BF4B-00C04F79EFBC}") = "Persistence", "src\Persistence\Persistence.csproj", "{19B16D36-BA0A-4454-95DD-CA998C24E782}"
EndProject
Project("{FAE04EC0-301F-11D3-BF4B-00C04F79EFBC}") = "Server", "src\Server\Server.csproj", "{610F2DA2-6F00-4874-A8D1-D8444750A9C3}"
EndProject
Project("{FAE04EC0-301F-11D3-BF4B-00C04F79EFBC}") = "Services", "src\Services\Services.csproj", "{A2631B03-129B-4F65-AA44-F46E39036EA9}"
EndProject
Project("{FAE04EC0-301F-11D3-BF4B-00C04F79EFBC}") = "Shared", "src\Shared\Shared.csproj", "{D996ADB5-4083-46ED-B85A-3AA96E52C547}"
EndProject
Project("{FAE04EC0-301F-11D3-BF4B-00C04F79EFBC}") = "Domain.Tests", "tests\Domain.Tests\Domain.Tests.csproj", "{514B6800-1E53-498F-897E-4A6BE91764F8}"
EndProject
Project("{2150E333-8FDC-42A3-9474-1A3956D46DE8}") = "src", "src", "{11CDF6DC-4667-4794-99B7-4968FB413BF3}"
EndProject
Project("{2150E333-8FDC-42A3-9474-1A3956D46DE8}") = "tests", "tests", "{A47A3E16-4E7A-4782-9958-E9D56DA702EE}"
EndProject
Global
	GlobalSection(SolutionConfigurationPlatforms) = preSolution
		Debug|Any CPU = Debug|Any CPU
		Release|Any CPU = Release|Any CPU
	EndGlobalSection
	GlobalSection(SolutionProperties) = preSolution
		HideSolutionNode = FALSE
	EndGlobalSection
	GlobalSection(ProjectConfigurationPlatforms) = postSolution
		{0A64F16F-9976-4778-B53D-9EA121473253}.Debug|Any CPU.ActiveCfg = Debug|Any CPU
		{0A64F16F-9976-4778-B53D-9EA121473253}.Debug|Any CPU.Build.0 = Debug|Any CPU
		{0A64F16F-9976-4778-B53D-9EA121473253}.Release|Any CPU.ActiveCfg = Release|Any CPU
		{0A64F16F-9976-4778-B53D-9EA121473253}.Release|Any CPU.Build.0 = Release|Any CPU
		{FA59B39A-8CBB-47C5-9AD0-43E57D330BE0}.Debug|Any CPU.ActiveCfg = Debug|Any CPU
		{FA59B39A-8CBB-47C5-9AD0-43E57D330BE0}.Debug|Any CPU.Build.0 = Debug|Any CPU
		{FA59B39A-8CBB-47C5-9AD0-43E57D330BE0}.Release|Any CPU.ActiveCfg = Release|Any CPU
		{FA59B39A-8CBB-47C5-9AD0-43E57D330BE0}.Release|Any CPU.Build.0 = Release|Any CPU
		{3B7FC479-0350-4A13-A2E6-38C88FE8E62A}.Debug|Any CPU.ActiveCfg = Debug|Any CPU
		{3B7FC479-0350-4A13-A2E6-38C88FE8E62A}.Debug|Any CPU.Build.0 = Debug|Any CPU
		{3B7FC479-0350-4A13-A2E6-38C88FE8E62A}.Release|Any CPU.ActiveCfg = Release|Any CPU
		{3B7FC479-0350-4A13-A2E6-38C88FE8E62A}.Release|Any CPU.Build.0 = Release|Any CPU
		{19B16D36-BA0A-4454-95DD-CA998C24E782}.Debug|Any CPU.ActiveCfg = Debug|Any CPU
		{19B16D36-BA0A-4454-95DD-CA998C24E782}.Debug|Any CPU.Build.0 = Debug|Any CPU
		{19B16D36-BA0A-4454-95DD-CA998C24E782}.Release|Any CPU.ActiveCfg = Release|Any CPU
		{19B16D36-BA0A-4454-95DD-CA998C24E782}.Release|Any CPU.Build.0 = Release|Any CPU
		{610F2DA2-6F00-4874-A8D1-D8444750A9C3}.Debug|Any CPU.ActiveCfg = Debug|Any CPU
		{610F2DA2-6F00-4874-A8D1-D8444750A9C3}.Debug|Any CPU.Build.0 = Debug|Any CPU
		{610F2DA2-6F00-4874-A8D1-D8444750A9C3}.Release|Any CPU.ActiveCfg = Release|Any CPU
		{610F2DA2-6F00-4874-A8D1-D8444750A9C3}.Release|Any CPU.Build.0 = Release|Any CPU
		{A2631B03-129B-4F65-AA44-F46E39036EA9}.Debug|Any CPU.ActiveCfg = Debug|Any CPU
		{A2631B03-129B-4F65-AA44-F46E39036EA9}.Debug|Any CPU.Build.0 = Debug|Any CPU
		{A2631B03-129B-4F65-AA44-F46E39036EA9}.Release|Any CPU.ActiveCfg = Release|Any CPU
		{A2631B03-129B-4F65-AA44-F46E39036EA9}.Release|Any CPU.Build.0 = Release|Any CPU
		{D996ADB5-4083-46ED-B85A-3AA96E52C547}.Debug|Any CPU.ActiveCfg = Debug|Any CPU
		{D996ADB5-4083-46ED-B85A-3AA96E52C547}.Debug|Any CPU.Build.0 = Debug|Any CPU
		{D996ADB5-4083-46ED-B85A-3AA96E52C547}.Release|Any CPU.ActiveCfg = Release|Any CPU
		{D996ADB5-4083-46ED-B85A-3AA96E52C547}.Release|Any CPU.Build.0 = Release|Any CPU
		{514B6800-1E53-498F-897E-4A6BE91764F8}.Debug|Any CPU.ActiveCfg = Debug|Any CPU
		{514B6800-1E53-498F-897E-4A6BE91764F8}.Debug|Any CPU.Build.0 = Debug|Any CPU
		{514B6800-1E53-498F-897E-4A6BE91764F8}.Release|Any CPU.ActiveCfg = Release|Any CPU
		{514B6800-1E53-498F-897E-4A6BE91764F8}.Release|Any CPU.Build.0 = Release|Any CPU
	EndGlobalSection
	GlobalSection(NestedProjects) = preSolution
		{FA59B39A-8CBB-47C5-9AD0-43E57D330BE0} = {11CDF6DC-4667-4794-99B7-4968FB413BF3}
		{3B7FC479-0350-4A13-A2E6-38C88FE8E62A} = {11CDF6DC-4667-4794-99B7-4968FB413BF3}
		{0A64F16F-9976-4778-B53D-9EA121473253} = {11CDF6DC-4667-4794-99B7-4968FB413BF3}
		{D996ADB5-4083-46ED-B85A-3AA96E52C547} = {11CDF6DC-4667-4794-99B7-4968FB413BF3}
		{A2631B03-129B-4F65-AA44-F46E39036EA9} = {11CDF6DC-4667-4794-99B7-4968FB413BF3}
		{610F2DA2-6F00-4874-A8D1-D8444750A9C3} = {11CDF6DC-4667-4794-99B7-4968FB413BF3}
		{19B16D36-BA0A-4454-95DD-CA998C24E782} = {11CDF6DC-4667-4794-99B7-4968FB413BF3}
		{514B6800-1E53-498F-897E-4A6BE91764F8} = {A47A3E16-4E7A-4782-9958-E9D56DA702EE}
	EndGlobalSection
EndGlobal
